// !$*UTF8*$!
{
	archiveVersion = 1;
	classes = {
	};
	objectVersion = 55;
	objects = {

/* Begin PBXBuildFile section */
		5F138961288DF8A4008F23B9 /* Question.swift in Sources */ = {isa = PBXBuildFile; fileRef = 5F138960288DF8A4008F23B9 /* Question.swift */; };
		5F138963288DF8C9008F23B9 /* Answer.swift in Sources */ = {isa = PBXBuildFile; fileRef = 5F138962288DF8C9008F23B9 /* Answer.swift */; };
		5F4C7477288DA22A005B3063 /* AppDelegate.swift in Sources */ = {isa = PBXBuildFile; fileRef = 5F4C7476288DA22A005B3063 /* AppDelegate.swift */; };
		5F4C7479288DA22A005B3063 /* SceneDelegate.swift in Sources */ = {isa = PBXBuildFile; fileRef = 5F4C7478288DA22A005B3063 /* SceneDelegate.swift */; };
		5F4C747B288DA22A005B3063 /* ViewController.swift in Sources */ = {isa = PBXBuildFile; fileRef = 5F4C747A288DA22A005B3063 /* ViewController.swift */; };
		5F4C747E288DA22A005B3063 /* Main.storyboard in Resources */ = {isa = PBXBuildFile; fileRef = 5F4C747C288DA22A005B3063 /* Main.storyboard */; };
		5F4C7480288DA22D005B3063 /* Assets.xcassets in Resources */ = {isa = PBXBuildFile; fileRef = 5F4C747F288DA22D005B3063 /* Assets.xcassets */; };
		5F4C7483288DA22D005B3063 /* LaunchScreen.storyboard in Resources */ = {isa = PBXBuildFile; fileRef = 5F4C7481288DA22D005B3063 /* LaunchScreen.storyboard */; };
		5F4C7490288DDC78005B3063 /* QuestionsViewController.swift in Sources */ = {isa = PBXBuildFile; fileRef = 5F4C748F288DDC78005B3063 /* QuestionsViewController.swift */; };
		5F4C7492288DE3A1005B3063 /* FinalViewController.swift in Sources */ = {isa = PBXBuildFile; fileRef = 5F4C7491288DE3A1005B3063 /* FinalViewController.swift */; };
/* End PBXBuildFile section */

/* Begin PBXFileReference section */
		5F138960288DF8A4008F23B9 /* Question.swift */ = {isa = PBXFileReference; lastKnownFileType = sourcecode.swift; path = Question.swift; sourceTree = "<group>"; };
		5F138962288DF8C9008F23B9 /* Answer.swift */ = {isa = PBXFileReference; lastKnownFileType = sourcecode.swift; path = Answer.swift; sourceTree = "<group>"; };
		5F4C7473288DA22A005B3063 /* AnimalQuiz.app */ = {isa = PBXFileReference; explicitFileType = wrapper.application; includeInIndex = 0; path = AnimalQuiz.app; sourceTree = BUILT_PRODUCTS_DIR; };
		5F4C7476288DA22A005B3063 /* AppDelegate.swift */ = {isa = PBXFileReference; lastKnownFileType = sourcecode.swift; path = AppDelegate.swift; sourceTree = "<group>"; };
		5F4C7478288DA22A005B3063 /* SceneDelegate.swift */ = {isa = PBXFileReference; lastKnownFileType = sourcecode.swift; path = SceneDelegate.swift; sourceTree = "<group>"; };
		5F4C747A288DA22A005B3063 /* ViewController.swift */ = {isa = PBXFileReference; lastKnownFileType = sourcecode.swift; path = ViewController.swift; sourceTree = "<group>"; };
		5F4C747D288DA22A005B3063 /* Base */ = {isa = PBXFileReference; lastKnownFileType = file.storyboard; name = Base; path = Base.lproj/Main.storyboard; sourceTree = "<group>"; };
		5F4C747F288DA22D005B3063 /* Assets.xcassets */ = {isa = PBXFileReference; lastKnownFileType = folder.assetcatalog; path = Assets.xcassets; sourceTree = "<group>"; };
		5F4C7482288DA22D005B3063 /* Base */ = {isa = PBXFileReference; lastKnownFileType = file.storyboard; name = Base; path = Base.lproj/LaunchScreen.storyboard; sourceTree = "<group>"; };
		5F4C7484288DA22D005B3063 /* Info.plist */ = {isa = PBXFileReference; lastKnownFileType = text.plist.xml; path = Info.plist; sourceTree = "<group>"; };
		5F4C748F288DDC78005B3063 /* QuestionsViewController.swift */ = {isa = PBXFileReference; lastKnownFileType = sourcecode.swift; path = QuestionsViewController.swift; sourceTree = "<group>"; };
		5F4C7491288DE3A1005B3063 /* FinalViewController.swift */ = {isa = PBXFileReference; lastKnownFileType = sourcecode.swift; path = FinalViewController.swift; sourceTree = "<group>"; };
/* End PBXFileReference section */

/* Begin PBXFrameworksBuildPhase section */
		5F4C7470288DA22A005B3063 /* Frameworks */ = {
			isa = PBXFrameworksBuildPhase;
			buildActionMask = 2147483647;
			files = (
			);
			runOnlyForDeploymentPostprocessing = 0;
		};
/* End PBXFrameworksBuildPhase section */

/* Begin PBXGroup section */
		5F4C746A288DA22A005B3063 = {
			isa = PBXGroup;
			children = (
				5F4C7475288DA22A005B3063 /* AnimalQuiz */,
				5F4C7474288DA22A005B3063 /* Products */,
			);
			sourceTree = "<group>";
		};
		5F4C7474288DA22A005B3063 /* Products */ = {
			isa = PBXGroup;
			children = (
				5F4C7473288DA22A005B3063 /* AnimalQuiz.app */,
			);
			name = Products;
			sourceTree = "<group>";
		};
		5F4C7475288DA22A005B3063 /* AnimalQuiz */ = {
			isa = PBXGroup;
			children = (
				5F4C748E288DA8F8005B3063 /* Resourses */,
				5F4C748D288DA8D5005B3063 /* Models */,
				5F4C748C288DA8A6005B3063 /* ViewControllers */,
				5F4C748B288DA845005B3063 /* SupportingFiles */,
				5F4C748A288DA4B6005B3063 /* StoryBoards */,
			);
			path = AnimalQuiz;
			sourceTree = "<group>";
		};
		5F4C748A288DA4B6005B3063 /* StoryBoards */ = {
			isa = PBXGroup;
			children = (
				5F4C747C288DA22A005B3063 /* Main.storyboard */,
				5F4C7481288DA22D005B3063 /* LaunchScreen.storyboard */,
			);
			path = StoryBoards;
			sourceTree = "<group>";
		};
		5F4C748B288DA845005B3063 /* SupportingFiles */ = {
			isa = PBXGroup;
			children = (
				5F4C7476288DA22A005B3063 /* AppDelegate.swift */,
				5F4C7478288DA22A005B3063 /* SceneDelegate.swift */,
				5F4C7484288DA22D005B3063 /* Info.plist */,
			);
			path = SupportingFiles;
			sourceTree = "<group>";
		};
		5F4C748C288DA8A6005B3063 /* ViewControllers */ = {
			isa = PBXGroup;
			children = (
				5F4C747A288DA22A005B3063 /* ViewController.swift */,
				5F4C748F288DDC78005B3063 /* QuestionsViewController.swift */,
				5F4C7491288DE3A1005B3063 /* FinalViewController.swift */,
			);
			path = ViewControllers;
			sourceTree = "<group>";
		};
		5F4C748D288DA8D5005B3063 /* Models */ = {
			isa = PBXGroup;
			children = (
				5F138960288DF8A4008F23B9 /* Question.swift */,
				5F138962288DF8C9008F23B9 /* Answer.swift */,
			);
			path = Models;
			sourceTree = "<group>";
		};
		5F4C748E288DA8F8005B3063 /* Resourses */ = {
			isa = PBXGroup;
			children = (
				5F4C747F288DA22D005B3063 /* Assets.xcassets */,
			);
			path = Resourses;
			sourceTree = "<group>";
		};
/* End PBXGroup section */

/* Begin PBXNativeTarget section */
		5F4C7472288DA22A005B3063 /* AnimalQuiz */ = {
			isa = PBXNativeTarget;
			buildConfigurationList = 5F4C7487288DA22D005B3063 /* Build configuration list for PBXNativeTarget "AnimalQuiz" */;
			buildPhases = (
				5F4C746F288DA22A005B3063 /* Sources */,
				5F4C7470288DA22A005B3063 /* Frameworks */,
				5F4C7471288DA22A005B3063 /* Resources */,
			);
			buildRules = (
			);
			dependencies = (
			);
			name = AnimalQuiz;
			productName = AnimalQuiz;
			productReference = 5F4C7473288DA22A005B3063 /* AnimalQuiz.app */;
			productType = "com.apple.product-type.application";
		};
/* End PBXNativeTarget section */

/* Begin PBXProject section */
		5F4C746B288DA22A005B3063 /* Project object */ = {
			isa = PBXProject;
			attributes = {
				BuildIndependentTargetsInParallel = 1;
				LastSwiftUpdateCheck = 1340;
				LastUpgradeCheck = 1340;
				TargetAttributes = {
					5F4C7472288DA22A005B3063 = {
						CreatedOnToolsVersion = 13.4.1;
					};
				};
			};
			buildConfigurationList = 5F4C746E288DA22A005B3063 /* Build configuration list for PBXProject "AnimalQuiz" */;
			compatibilityVersion = "Xcode 13.0";
			developmentRegion = en;
			hasScannedForEncodings = 0;
			knownRegions = (
				en,
				Base,
			);
			mainGroup = 5F4C746A288DA22A005B3063;
			productRefGroup = 5F4C7474288DA22A005B3063 /* Products */;
			projectDirPath = "";
			projectRoot = "";
			targets = (
				5F4C7472288DA22A005B3063 /* AnimalQuiz */,
			);
		};
/* End PBXProject section */

/* Begin PBXResourcesBuildPhase section */
		5F4C7471288DA22A005B3063 /* Resources */ = {
			isa = PBXResourcesBuildPhase;
			buildActionMask = 2147483647;
			files = (
				5F4C7483288DA22D005B3063 /* LaunchScreen.storyboard in Resources */,
				5F4C7480288DA22D005B3063 /* Assets.xcassets in Resources */,
				5F4C747E288DA22A005B3063 /* Main.storyboard in Resources */,
			);
			runOnlyForDeploymentPostprocessing = 0;
		};
/* End PBXResourcesBuildPhase section */

/* Begin PBXSourcesBuildPhase section */
		5F4C746F288DA22A005B3063 /* Sources */ = {
			isa = PBXSourcesBuildPhase;
			buildActionMask = 2147483647;
			files = (
				5F4C7492288DE3A1005B3063 /* FinalViewController.swift in Sources */,
				5F4C747B288DA22A005B3063 /* ViewController.swift in Sources */,
				5F4C7477288DA22A005B3063 /* AppDelegate.swift in Sources */,
				5F138963288DF8C9008F23B9 /* Answer.swift in Sources */,
				5F138961288DF8A4008F23B9 /* Question.swift in Sources */,
				5F4C7490288DDC78005B3063 /* QuestionsViewController.swift in Sources */,
				5F4C7479288DA22A005B3063 /* SceneDelegate.swift in Sources */,
			);
			runOnlyForDeploymentPostprocessing = 0;
		};
/* End PBXSourcesBuildPhase section */

/* Begin PBXVariantGroup section */
		5F4C747C288DA22A005B3063 /* Main.storyboard */ = {
			isa = PBXVariantGroup;
			children = (
				5F4C747D288DA22A005B3063 /* Base */,
			);
			name = Main.storyboard;
			sourceTree = "<group>";
		};
		5F4C7481288DA22D005B3063 /* LaunchScreen.storyboard */ = {
			isa = PBXVariantGroup;
			children = (
				5F4C7482288DA22D005B3063 /* Base */,
			);
			name = LaunchScreen.storyboard;
			sourceTree = "<group>";
		};
/* End PBXVariantGroup section */

/* Begin XCBuildConfiguration section */
		5F4C7485288DA22D005B3063 /* Debug */ = {
			isa = XCBuildConfiguration;
			buildSettings = {
				ALWAYS_SEARCH_USER_PATHS = NO;
				CLANG_ANALYZER_NONNULL = YES;
				CLANG_ANALYZER_NUMBER_OBJECT_CONVERSION = YES_AGGRESSIVE;
				CLANG_CXX_LANGUAGE_STANDARD = "gnu++17";
				CLANG_ENABLE_MODULES = YES;
				CLANG_ENABLE_OBJC_ARC = YES;
				CLANG_ENABLE_OBJC_WEAK = YES;
				CLANG_WARN_BLOCK_CAPTURE_AUTORELEASING = YES;
				CLANG_WARN_BOOL_CONVERSION = YES;
				CLANG_WARN_COMMA = YES;
				CLANG_WARN_CONSTANT_CONVERSION = YES;
				CLANG_WARN_DEPRECATED_OBJC_IMPLEMENTATIONS = YES;
				CLANG_WARN_DIRECT_OBJC_ISA_USAGE = YES_ERROR;
				CLANG_WARN_DOCUMENTATION_COMMENTS = YES;
				CLANG_WARN_EMPTY_BODY = YES;
				CLANG_WARN_ENUM_CONVERSION = YES;
				CLANG_WARN_INFINITE_RECURSION = YES;
				CLANG_WARN_INT_CONVERSION = YES;
				CLANG_WARN_NON_LITERAL_NULL_CONVERSION = YES;
				CLANG_WARN_OBJC_IMPLICIT_RETAIN_SELF = YES;
				CLANG_WARN_OBJC_LITERAL_CONVERSION = YES;
				CLANG_WARN_OBJC_ROOT_CLASS = YES_ERROR;
				CLANG_WARN_QUOTED_INCLUDE_IN_FRAMEWORK_HEADER = YES;
				CLANG_WARN_RANGE_LOOP_ANALYSIS = YES;
				CLANG_WARN_STRICT_PROTOTYPES = YES;
				CLANG_WARN_SUSPICIOUS_MOVE = YES;
				CLANG_WARN_UNGUARDED_AVAILABILITY = YES_AGGRESSIVE;
				CLANG_WARN_UNREACHABLE_CODE = YES;
				CLANG_WARN__DUPLICATE_METHOD_MATCH = YES;
				COPY_PHASE_STRIP = NO;
				DEBUG_INFORMATION_FORMAT = dwarf;
				ENABLE_STRICT_OBJC_MSGSEND = YES;
				ENABLE_TESTABILITY = YES;
				GCC_C_LANGUAGE_STANDARD = gnu11;
				GCC_DYNAMIC_NO_PIC = NO;
				GCC_NO_COMMON_BLOCKS = YES;
				GCC_OPTIMIZATION_LEVEL = 0;
				GCC_PREPROCESSOR_DEFINITIONS = (
					"DEBUG=1",
					"$(inherited)",
				);
				GCC_WARN_64_TO_32_BIT_CONVERSION = YES;
				GCC_WARN_ABOUT_RETURN_TYPE = YES_ERROR;
				GCC_WARN_UNDECLARED_SELECTOR = YES;
				GCC_WARN_UNINITIALIZED_AUTOS = YES_AGGRESSIVE;
				GCC_WARN_UNUSED_FUNCTION = YES;
				GCC_WARN_UNUSED_VARIABLE = YES;
				IPHONEOS_DEPLOYMENT_TARGET = 15.5;
				MTL_ENABLE_DEBUG_INFO = INCLUDE_SOURCE;
				MTL_FAST_MATH = YES;
				ONLY_ACTIVE_ARCH = YES;
				SDKROOT = iphoneos;
				SWIFT_ACTIVE_COMPILATION_CONDITIONS = DEBUG;
				SWIFT_OPTIMIZATION_LEVEL = "-Onone";
			};
			name = Debug;
		};
		5F4C7486288DA22D005B3063 /* Release */ = {
			isa = XCBuildConfiguration;
			buildSettings = {
				ALWAYS_SEARCH_USER_PATHS = NO;
				CLANG_ANALYZER_NONNULL = YES;
				CLANG_ANALYZER_NUMBER_OBJECT_CONVERSION = YES_AGGRESSIVE;
				CLANG_CXX_LANGUAGE_STANDARD = "gnu++17";
				CLANG_ENABLE_MODULES = YES;
				CLANG_ENABLE_OBJC_ARC = YES;
				CLANG_ENABLE_OBJC_WEAK = YES;
				CLANG_WARN_BLOCK_CAPTURE_AUTORELEASING = YES;
				CLANG_WARN_BOOL_CONVERSION = YES;
				CLANG_WARN_COMMA = YES;
				CLANG_WARN_CONSTANT_CONVERSION = YES;
				CLANG_WARN_DEPRECATED_OBJC_IMPLEMENTATIONS = YES;
				CLANG_WARN_DIRECT_OBJC_ISA_USAGE = YES_ERROR;
				CLANG_WARN_DOCUMENTATION_COMMENTS = YES;
				CLANG_WARN_EMPTY_BODY = YES;
				CLANG_WARN_ENUM_CONVERSION = YES;
				CLANG_WARN_INFINITE_RECURSION = YES;
				CLANG_WARN_INT_CONVERSION = YES;
				CLANG_WARN_NON_LITERAL_NULL_CONVERSION = YES;
				CLANG_WARN_OBJC_IMPLICIT_RETAIN_SELF = YES;
				CLANG_WARN_OBJC_LITERAL_CONVERSION = YES;
				CLANG_WARN_OBJC_ROOT_CLASS = YES_ERROR;
				CLANG_WARN_QUOTED_INCLUDE_IN_FRAMEWORK_HEADER = YES;
				CLANG_WARN_RANGE_LOOP_ANALYSIS = YES;
				CLANG_WARN_STRICT_PROTOTYPES = YES;
				CLANG_WARN_SUSPICIOUS_MOVE = YES;
				CLANG_WARN_UNGUARDED_AVAILABILITY = YES_AGGRESSIVE;
				CLANG_WARN_UNREACHABLE_CODE = YES;
				CLANG_WARN__DUPLICATE_METHOD_MATCH = YES;
				COPY_PHASE_STRIP = NO;
				DEBUG_INFORMATION_FORMAT = "dwarf-with-dsym";
				ENABLE_NS_ASSERTIONS = NO;
				ENABLE_STRICT_OBJC_MSGSEND = YES;
				GCC_C_LANGUAGE_STANDARD = gnu11;
				GCC_NO_COMMON_BLOCKS = YES;
				GCC_WARN_64_TO_32_BIT_CONVERSION = YES;
				GCC_WARN_ABOUT_RETURN_TYPE = YES_ERROR;
				GCC_WARN_UNDECLARED_SELECTOR = YES;
				GCC_WARN_UNINITIALIZED_AUTOS = YES_AGGRESSIVE;
				GCC_WARN_UNUSED_FUNCTION = YES;
				GCC_WARN_UNUSED_VARIABLE = YES;
				IPHONEOS_DEPLOYMENT_TARGET = 15.5;
				MTL_ENABLE_DEBUG_INFO = NO;
				MTL_FAST_MATH = YES;
				SDKROOT = iphoneos;
				SWIFT_COMPILATION_MODE = wholemodule;
				SWIFT_OPTIMIZATION_LEVEL = "-O";
				VALIDATE_PRODUCT = YES;
			};
			name = Release;
		};
		5F4C7488288DA22D005B3063 /* Debug */ = {
			isa = XCBuildConfiguration;
			buildSettings = {
				ASSETCATALOG_COMPILER_APPICON_NAME = AppIcon;
				ASSETCATALOG_COMPILER_GLOBAL_ACCENT_COLOR_NAME = AccentColor;
				CODE_SIGN_STYLE = Automatic;
				CURRENT_PROJECT_VERSION = 1;
				GENERATE_INFOPLIST_FILE = YES;
				INFOPLIST_FILE = AnimalQuiz/SupportingFiles/Info.plist;
				INFOPLIST_KEY_UIApplicationSupportsIndirectInputEvents = YES;
				INFOPLIST_KEY_UILaunchStoryboardName = LaunchScreen;
				INFOPLIST_KEY_UIMainStoryboardFile = Main;
				INFOPLIST_KEY_UISupportedInterfaceOrientations = "";
				INFOPLIST_KEY_UISupportedInterfaceOrientations_iPad = "UIInterfaceOrientationPortrait UIInterfaceOrientationPortraitUpsideDown UIInterfaceOrientationLandscapeLeft UIInterfaceOrientationLandscapeRight";
				INFOPLIST_KEY_UISupportedInterfaceOrientations_iPhone = "UIInterfaceOrientationPortrait UIInterfaceOrientationLandscapeLeft UIInterfaceOrientationLandscapeRight";
				LD_RUNPATH_SEARCH_PATHS = (
					"$(inherited)",
					"@executable_path/Frameworks",
				);
				MARKETING_VERSION = 1.0;
				PRODUCT_BUNDLE_IDENTIFIER = DPS.AnimalQuiz;
				PRODUCT_NAME = "$(TARGET_NAME)";
				SWIFT_EMIT_LOC_STRINGS = YES;
				SWIFT_VERSION = 5.0;
				TARGETED_DEVICE_FAMILY = 1;
			};
			name = Debug;
		};
		5F4C7489288DA22D005B3063 /* Release */ = {
			isa = XCBuildConfiguration;
			buildSettings = {
				ASSETCATALOG_COMPILER_APPICON_NAME = AppIcon;
				ASSETCATALOG_COMPILER_GLOBAL_ACCENT_COLOR_NAME = AccentColor;
				CODE_SIGN_STYLE = Automatic;
				CURRENT_PROJECT_VERSION = 1;
				GENERATE_INFOPLIST_FILE = YES;
				INFOPLIST_FILE = AnimalQuiz/SupportingFiles/Info.plist;
				INFOPLIST_KEY_UIApplicationSupportsIndirectInputEvents = YES;
				INFOPLIST_KEY_UILaunchStoryboardName = LaunchScreen;
				INFOPLIST_KEY_UIMainStoryboardFile = Main;
				INFOPLIST_KEY_UISupportedInterfaceOrientations = "";
				INFOPLIST_KEY_UISupportedInterfaceOrientations_iPad = "UIInterfaceOrientationPortrait UIInterfaceOrientationPortraitUpsideDown UIInterfaceOrientationLandscapeLeft UIInterfaceOrientationLandscapeRight";
				INFOPLIST_KEY_UISupportedInterfaceOrientations_iPhone = "UIInterfaceOrientationPortrait UIInterfaceOrientationLandscapeLeft UIInterfaceOrientationLandscapeRight";
				LD_RUNPATH_SEARCH_PATHS = (
					"$(inherited)",
					"@executable_path/Frameworks",
				);
				MARKETING_VERSION = 1.0;
				PRODUCT_BUNDLE_IDENTIFIER = DPS.AnimalQuiz;
				PRODUCT_NAME = "$(TARGET_NAME)";
				SWIFT_EMIT_LOC_STRINGS = YES;
				SWIFT_VERSION = 5.0;
				TARGETED_DEVICE_FAMILY = 1;
			};
			name = Release;
		};
/* End XCBuildConfiguration section */

/* Begin XCConfigurationList section */
		5F4C746E288DA22A005B3063 /* Build configuration list for PBXProject "AnimalQuiz" */ = {
			isa = XCConfigurationList;
			buildConfigurations = (
				5F4C7485288DA22D005B3063 /* Debug */,
				5F4C7486288DA22D005B3063 /* Release */,
			);
			defaultConfigurationIsVisible = 0;
			defaultConfigurationName = Release;
		};
		5F4C7487288DA22D005B3063 /* Build configuration list for PBXNativeTarget "AnimalQuiz" */ = {
			isa = XCConfigurationList;
			buildConfigurations = (
				5F4C7488288DA22D005B3063 /* Debug */,
				5F4C7489288DA22D005B3063 /* Release */,
			);
			defaultConfigurationIsVisible = 0;
			defaultConfigurationName = Release;
		};
/* End XCConfigurationList section */
	};
	rootObject = 5F4C746B288DA22A005B3063 /* Project object */;
}
